version: 1.0
context:
  fee_payer: addr_test1qz2fxv2umyhttkxyxp8x0dlpdt3k6cwng5pxj3jhsydzer3jcu5d8ps7zex2k2xt3uqxgjqnnj83ws8lhrn648jjxtwq2ytjqp
transaction:
- tx:
    from: addr_test1qz2fxv2umyhttkxyxp8x0dlpdt3k6cwng5pxj3jhsydzer3jcu5d8ps7zex2k2xt3uqxgjqnnj83ws8lhrn648jjxtwq2ytjqp
    change_address: addr_test1qz2fxv2umyhttkxyxp8x0dlpdt3k6cwng5pxj3jhsydzer3jcu5d8ps7zex2k2xt3uqxgjqnnj83ws8lhrn648jjxtwq2ytjqp
    intents:
    - type: payment
      address: addr_test1wpunlryvl7aqsxe22erzlsseej87v5kk5vutvtrmzdy8dect48z0w
      amounts:
      - unit: lovelace
        quantity: 10000000
      datum_hash: 9e1199a988ba72ffd6e9c269cadb3b53b5f360ff99f112d9b2ee30c4d74ad88b
